
Microsoft Visual Studio Solution File, Format Version 12.00
# Visual Studio Version 17
VisualStudioVersion = 17.11.35312.102
MinimumVisualStudioVersion = 10.0.40219.1
Project("{FAE04EC0-301F-11D3-BF4B-00C04F79EFBC}") = "WpfApp1", "WpfApp1.csproj", "{0CE41626-4273-4F6C-A1F8-2DCA1C5FEE37}"
EndProject
Global
	GlobalSection(SolutionConfigurationPlatforms) = preSolution
		Debug|Any CPU = Debug|Any CPU
		Release|Any CPU = Release|Any CPU
	EndGlobalSection
	GlobalSection(ProjectConfigurationPlatforms) = postSolution
		{0CE41626-4273-4F6C-A1F8-2DCA1C5FEE37}.Debug|Any CPU.ActiveCfg = Debug|Any CPU
		{0CE41626-4273-4F6C-A1F8-2DCA1C5FEE37}.Debug|Any CPU.Build.0 = Debug|Any CPU
		{0CE41626-4273-4F6C-A1F8-2DCA1C5FEE37}.Release|Any CPU.ActiveCfg = Release|Any CPU
		{0CE41626-4273-4F6C-A1F8-2DCA1C5FEE37}.Release|Any CPU.Build.0 = Release|Any CPU
	EndGlobalSection
	GlobalSection(SolutionProperties) = preSolution
		HideSolutionNode = FALSE
	EndGlobalSection
	GlobalSection(ExtensibilityGlobals) = postSolution
		SolutionGuid = {1F5D6E65-6356-4316-BA46-B002A8E2906B}
	EndGlobalSection
EndGlobal
